<?xml version="1.0" encoding="utf-8"?>
<Project ToolsVersion="4.0" xmlns="http://schemas.microsoft.com/developer/msbuild/2003">
  <ItemGroup>
    <Filter Include="pch">
      <UniqueIdentifier>{411290e5-683a-493d-928c-04e0924df0cb}</UniqueIdentifier>
    </Filter>
    <Filter Include="def">
      <UniqueIdentifier>{93995380-89BD-4b04-88EB-625FBE52EBFB}</UniqueIdentifier>
      <Extensions>h;hh;hpp;hxx;h++;hm;inl;inc;ipp;xsd</Extensions>
    </Filter>
    <Filter Include="app">
      <UniqueIdentifier>{e280bbc6-613e-47a3-aa44-438afb02b1e5}</UniqueIdentifier>
    </Filter>
    <Filter Include="media">
      <UniqueIdentifier>{f13719b1-6fb2-4acf-a3fb-52169e2f7444}</UniqueIdentifier>
    </Filter>
    <Filter Include="util">
      <UniqueIdentifier>{62d82117-6994-41f1-ab7a-43434e0ebea6}</UniqueIdentifier>
    </Filter>
  </ItemGroup>
  <ItemGroup>
    <ClCompile Include="pch.cpp">
      <Filter>pch</Filter>
    </ClCompile>
    <ClCompile Include="UIAutomationFocusChangedEventHandler.cpp">
      <Filter>app</Filter>
    </ClCompile>
    <ClCompile Include="MediaListener.cpp">
      <Filter>media</Filter>
    </ClCompile>
    <ClCompile Include="AppRecorder.cpp">
      <Filter>app</Filter>
    </ClCompile>
    <ClCompile Include="BinaryHelper.cpp">
      <Filter>util</Filter>
    </ClCompile>
    <ClCompile Include="TimuseService.cpp" />
  </ItemGroup>
  <ItemGroup>
    <ClInclude Include="TimuseErr.h">
      <Filter>def</Filter>
    </ClInclude>
    <ClInclude Include="pch.h">
      <Filter>pch</Filter>
    </ClInclude>
    <ClInclude Include="UIAutomationFocusChangedEventHandler.h">
      <Filter>app</Filter>
    </ClInclude>
    <ClInclude Include="MediaListener.h">
      <Filter>media</Filter>
    </ClInclude>
    <ClInclude Include="AppRecorder.h">
      <Filter>app</Filter>
    </ClInclude>
    <ClInclude Include="BinaryHelper.h">
      <Filter>util</Filter>
    </ClInclude>
  </ItemGroup>
</Project>